
Microsoft Visual Studio Solution File, Format Version 12.00
# Visual Studio Version 17
VisualStudioVersion = 17.8.34330.188
MinimumVisualStudioVersion = 10.0.40219.1
Project("{8BC9CEB8-8B4A-11D0-8D11-00A0C91BC942}") = "alcogolic", "alcogolic.vcxproj", "{7D50D916-3DE4-4A9E-A7B2-96349F69BAFD}"
EndProject
Global
	GlobalSection(SolutionConfigurationPlatforms) = preSolution
		Debug|x64 = Debug|x64
		Debug|x86 = Debug|x86
		Release|x64 = Release|x64
		Release|x86 = Release|x86
	EndGlobalSection
	GlobalSection(ProjectConfigurationPlatforms) = postSolution
		{7D50D916-3DE4-4A9E-A7B2-96349F69BAFD}.Debug|x64.ActiveCfg = Debug|x64
		{7D50D916-3DE4-4A9E-A7B2-96349F69BAFD}.Debug|x64.Build.0 = Debug|x64
		{7D50D916-3DE4-4A9E-A7B2-96349F69BAFD}.Debug|x86.ActiveCfg = Debug|Win32
		{7D50D916-3DE4-4A9E-A7B2-96349F69BAFD}.Debug|x86.Build.0 = Debug|Win32
		{7D50D916-3DE4-4A9E-A7B2-96349F69BAFD}.Release|x64.ActiveCfg = Release|x64
		{7D50D916-3DE4-4A9E-A7B2-96349F69BAFD}.Release|x64.Build.0 = Release|x64
		{7D50D916-3DE4-4A9E-A7B2-96349F69BAFD}.Release|x86.ActiveCfg = Release|Win32
		{7D50D916-3DE4-4A9E-A7B2-96349F69BAFD}.Release|x86.Build.0 = Release|Win32
	EndGlobalSection
	GlobalSection(SolutionProperties) = preSolution
		HideSolutionNode = FALSE
	EndGlobalSection
	GlobalSection(ExtensibilityGlobals) = postSolution
		SolutionGuid = {F9743B77-B9A8-4F57-BC0A-3F7229BF3294}
	EndGlobalSection
EndGlobal
