
Microsoft Visual Studio Solution File, Format Version 12.00
# Visual Studio Version 17
VisualStudioVersion = 17.8.34330.188
MinimumVisualStudioVersion = 10.0.40219.1
Project("{8BC9CEB8-8B4A-11D0-8D11-00A0C91BC942}") = "createGraph", "createGraph.vcxproj", "{B05EFC43-85EE-4487-ABC9-C9E1E3C6C6BC}"
EndProject
Global
	GlobalSection(SolutionConfigurationPlatforms) = preSolution
		Debug|x64 = Debug|x64
		Debug|x86 = Debug|x86
		Release|x64 = Release|x64
		Release|x86 = Release|x86
	EndGlobalSection
	GlobalSection(ProjectConfigurationPlatforms) = postSolution
		{B05EFC43-85EE-4487-ABC9-C9E1E3C6C6BC}.Debug|x64.ActiveCfg = Debug|x64
		{B05EFC43-85EE-4487-ABC9-C9E1E3C6C6BC}.Debug|x64.Build.0 = Debug|x64
		{B05EFC43-85EE-4487-ABC9-C9E1E3C6C6BC}.Debug|x86.ActiveCfg = Debug|Win32
		{B05EFC43-85EE-4487-ABC9-C9E1E3C6C6BC}.Debug|x86.Build.0 = Debug|Win32
		{B05EFC43-85EE-4487-ABC9-C9E1E3C6C6BC}.Release|x64.ActiveCfg = Release|x64
		{B05EFC43-85EE-4487-ABC9-C9E1E3C6C6BC}.Release|x64.Build.0 = Release|x64
		{B05EFC43-85EE-4487-ABC9-C9E1E3C6C6BC}.Release|x86.ActiveCfg = Release|Win32
		{B05EFC43-85EE-4487-ABC9-C9E1E3C6C6BC}.Release|x86.Build.0 = Release|Win32
	EndGlobalSection
	GlobalSection(SolutionProperties) = preSolution
		HideSolutionNode = FALSE
	EndGlobalSection
	GlobalSection(ExtensibilityGlobals) = postSolution
		SolutionGuid = {766C7176-E9B7-429C-93E6-DA38DFA4593D}
	EndGlobalSection
EndGlobal
